// !$*UTF8*$!
{
	archiveVersion = 1;
	classes = {
	};
	objectVersion = 46;
	objects = {

/* Begin PBXBuildFile section */
		6D7DCD221BBFCEA40001E84F /* FBSDKCoreKit.framework in Frameworks */ = {isa = PBXBuildFile; fileRef = 6D7DCD1F1BBFCEA40001E84F /* FBSDKCoreKit.framework */; settings = {ASSET_TAGS = (); }; };
		6D7DCD231BBFCEA40001E84F /* FBSDKLoginKit.framework in Frameworks */ = {isa = PBXBuildFile; fileRef = 6D7DCD201BBFCEA40001E84F /* FBSDKLoginKit.framework */; settings = {ASSET_TAGS = (); }; };
		6D7DCD241BBFCEA40001E84F /* FBSDKShareKit.framework in Frameworks */ = {isa = PBXBuildFile; fileRef = 6D7DCD211BBFCEA40001E84F /* FBSDKShareKit.framework */; settings = {ASSET_TAGS = (); }; };
		6D7DCD2A1BBFCF0B0001E84F /* Bolts.framework in Frameworks */ = {isa = PBXBuildFile; fileRef = 6D7DCD261BBFCF0B0001E84F /* Bolts.framework */; settings = {ASSET_TAGS = (); }; };
		6D7DCD2B1BBFCF0B0001E84F /* Parse.framework in Frameworks */ = {isa = PBXBuildFile; fileRef = 6D7DCD271BBFCF0B0001E84F /* Parse.framework */; settings = {ASSET_TAGS = (); }; };
		6D7DCD2C1BBFCF0B0001E84F /* ParseFacebookUtils.framework in Frameworks */ = {isa = PBXBuildFile; fileRef = 6D7DCD281BBFCF0B0001E84F /* ParseFacebookUtils.framework */; settings = {ASSET_TAGS = (); }; };
		6D7DCD2D1BBFCF0B0001E84F /* ParseFacebookUtilsV4.framework in Frameworks */ = {isa = PBXBuildFile; fileRef = 6D7DCD291BBFCF0B0001E84F /* ParseFacebookUtilsV4.framework */; settings = {ASSET_TAGS = (); }; };
		6D7DCD381BBFCF440001E84F /* Accounts.framework in Frameworks */ = {isa = PBXBuildFile; fileRef = 6D7DCD2F1BBFCF440001E84F /* Accounts.framework */; };
		6D7DCD391BBFCF440001E84F /* AudioToolbox.framework in Frameworks */ = {isa = PBXBuildFile; fileRef = 6D7DCD301BBFCF440001E84F /* AudioToolbox.framework */; };
		6D7DCD3A1BBFCF440001E84F /* CFNetwork.framework in Frameworks */ = {isa = PBXBuildFile; fileRef = 6D7DCD311BBFCF440001E84F /* CFNetwork.framework */; };
		6D7DCD3B1BBFCF440001E84F /* CoreGraphics.framework in Frameworks */ = {isa = PBXBuildFile; fileRef = 6D7DCD321BBFCF440001E84F /* CoreGraphics.framework */; };
		6D7DCD3C1BBFCF440001E84F /* CoreLocation.framework in Frameworks */ = {isa = PBXBuildFile; fileRef = 6D7DCD331BBFCF440001E84F /* CoreLocation.framework */; };
		6D7DCD3D1BBFCF440001E84F /* Security.framework in Frameworks */ = {isa = PBXBuildFile; fileRef = 6D7DCD341BBFCF440001E84F /* Security.framework */; };
		6D7DCD3E1BBFCF440001E84F /* Social.framework in Frameworks */ = {isa = PBXBuildFile; fileRef = 6D7DCD351BBFCF440001E84F /* Social.framework */; };
		6D7DCD3F1BBFCF440001E84F /* StoreKit.framework in Frameworks */ = {isa = PBXBuildFile; fileRef = 6D7DCD361BBFCF440001E84F /* StoreKit.framework */; };
		6D7DCD401BBFCF440001E84F /* SystemConfiguration.framework in Frameworks */ = {isa = PBXBuildFile; fileRef = 6D7DCD371BBFCF440001E84F /* SystemConfiguration.framework */; };
		6D7DCD421BBFCF4F0001E84F /* QuartzCore.framework in Frameworks */ = {isa = PBXBuildFile; fileRef = 6D7DCD411BBFCF4F0001E84F /* QuartzCore.framework */; };
		6D7DCD441BBFCF5A0001E84F /* libz.1.dylib in Frameworks */ = {isa = PBXBuildFile; fileRef = 6D7DCD431BBFCF5A0001E84F /* libz.1.dylib */; };
		6D7DCD461BBFCF6A0001E84F /* libsqlite3.dylib in Frameworks */ = {isa = PBXBuildFile; fileRef = 6D7DCD451BBFCF6A0001E84F /* libsqlite3.dylib */; };
		E22E95581BBFB131009C91E3 /* AppDelegate.swift in Sources */ = {isa = PBXBuildFile; fileRef = E22E95571BBFB131009C91E3 /* AppDelegate.swift */; };
		E22E955A1BBFB131009C91E3 /* FirstViewController.swift in Sources */ = {isa = PBXBuildFile; fileRef = E22E95591BBFB131009C91E3 /* FirstViewController.swift */; };
		E22E955C1BBFB131009C91E3 /* SecondViewController.swift in Sources */ = {isa = PBXBuildFile; fileRef = E22E955B1BBFB131009C91E3 /* SecondViewController.swift */; };
		E22E955F1BBFB131009C91E3 /* Main.storyboard in Resources */ = {isa = PBXBuildFile; fileRef = E22E955D1BBFB131009C91E3 /* Main.storyboard */; };
		E22E95611BBFB131009C91E3 /* Assets.xcassets in Resources */ = {isa = PBXBuildFile; fileRef = E22E95601BBFB131009C91E3 /* Assets.xcassets */; };
		E22E95641BBFB131009C91E3 /* LaunchScreen.storyboard in Resources */ = {isa = PBXBuildFile; fileRef = E22E95621BBFB131009C91E3 /* LaunchScreen.storyboard */; };
		E22E956F1BBFB131009C91E3 /* Humans_Without_BordersTests.swift in Sources */ = {isa = PBXBuildFile; fileRef = E22E956E1BBFB131009C91E3 /* Humans_Without_BordersTests.swift */; };
		E22E957A1BBFB131009C91E3 /* Humans_Without_BordersUITests.swift in Sources */ = {isa = PBXBuildFile; fileRef = E22E95791BBFB131009C91E3 /* Humans_Without_BordersUITests.swift */; };
		E22E95881BBFBA8A009C91E3 /* Login View Controller.swift in Sources */ = {isa = PBXBuildFile; fileRef = E22E95871BBFBA8A009C91E3 /* Login View Controller.swift */; settings = {ASSET_TAGS = (); }; };
/* End PBXBuildFile section */

/* Begin PBXContainerItemProxy section */
		E22E956B1BBFB131009C91E3 /* PBXContainerItemProxy */ = {
			isa = PBXContainerItemProxy;
			containerPortal = E22E954C1BBFB130009C91E3 /* Project object */;
			proxyType = 1;
			remoteGlobalIDString = E22E95531BBFB130009C91E3;
			remoteInfo = "Humans Without Borders";
		};
		E22E95761BBFB131009C91E3 /* PBXContainerItemProxy */ = {
			isa = PBXContainerItemProxy;
			containerPortal = E22E954C1BBFB130009C91E3 /* Project object */;
			proxyType = 1;
			remoteGlobalIDString = E22E95531BBFB130009C91E3;
			remoteInfo = "Humans Without Borders";
		};
/* End PBXContainerItemProxy section */

/* Begin PBXFileReference section */
		6D7DCD1F1BBFCEA40001E84F /* FBSDKCoreKit.framework */ = {isa = PBXFileReference; lastKnownFileType = wrapper.framework; path = FBSDKCoreKit.framework; sourceTree = "<group>"; };
		6D7DCD201BBFCEA40001E84F /* FBSDKLoginKit.framework */ = {isa = PBXFileReference; lastKnownFileType = wrapper.framework; path = FBSDKLoginKit.framework; sourceTree = "<group>"; };
		6D7DCD211BBFCEA40001E84F /* FBSDKShareKit.framework */ = {isa = PBXFileReference; lastKnownFileType = wrapper.framework; path = FBSDKShareKit.framework; sourceTree = "<group>"; };
		6D7DCD261BBFCF0B0001E84F /* Bolts.framework */ = {isa = PBXFileReference; lastKnownFileType = wrapper.framework; path = Bolts.framework; sourceTree = "<group>"; };
		6D7DCD271BBFCF0B0001E84F /* Parse.framework */ = {isa = PBXFileReference; lastKnownFileType = wrapper.framework; path = Parse.framework; sourceTree = "<group>"; };
		6D7DCD281BBFCF0B0001E84F /* ParseFacebookUtils.framework */ = {isa = PBXFileReference; lastKnownFileType = wrapper.framework; path = ParseFacebookUtils.framework; sourceTree = "<group>"; };
		6D7DCD291BBFCF0B0001E84F /* ParseFacebookUtilsV4.framework */ = {isa = PBXFileReference; lastKnownFileType = wrapper.framework; path = ParseFacebookUtilsV4.framework; sourceTree = "<group>"; };
		6D7DCD2F1BBFCF440001E84F /* Accounts.framework */ = {isa = PBXFileReference; lastKnownFileType = wrapper.framework; name = Accounts.framework; path = System/Library/Frameworks/Accounts.framework; sourceTree = SDKROOT; };
		6D7DCD301BBFCF440001E84F /* AudioToolbox.framework */ = {isa = PBXFileReference; lastKnownFileType = wrapper.framework; name = AudioToolbox.framework; path = System/Library/Frameworks/AudioToolbox.framework; sourceTree = SDKROOT; };
		6D7DCD311BBFCF440001E84F /* CFNetwork.framework */ = {isa = PBXFileReference; lastKnownFileType = wrapper.framework; name = CFNetwork.framework; path = System/Library/Frameworks/CFNetwork.framework; sourceTree = SDKROOT; };
		6D7DCD321BBFCF440001E84F /* CoreGraphics.framework */ = {isa = PBXFileReference; lastKnownFileType = wrapper.framework; name = CoreGraphics.framework; path = System/Library/Frameworks/CoreGraphics.framework; sourceTree = SDKROOT; };
		6D7DCD331BBFCF440001E84F /* CoreLocation.framework */ = {isa = PBXFileReference; lastKnownFileType = wrapper.framework; name = CoreLocation.framework; path = System/Library/Frameworks/CoreLocation.framework; sourceTree = SDKROOT; };
		6D7DCD341BBFCF440001E84F /* Security.framework */ = {isa = PBXFileReference; lastKnownFileType = wrapper.framework; name = Security.framework; path = System/Library/Frameworks/Security.framework; sourceTree = SDKROOT; };
		6D7DCD351BBFCF440001E84F /* Social.framework */ = {isa = PBXFileReference; lastKnownFileType = wrapper.framework; name = Social.framework; path = System/Library/Frameworks/Social.framework; sourceTree = SDKROOT; };
		6D7DCD361BBFCF440001E84F /* StoreKit.framework */ = {isa = PBXFileReference; lastKnownFileType = wrapper.framework; name = StoreKit.framework; path = System/Library/Frameworks/StoreKit.framework; sourceTree = SDKROOT; };
		6D7DCD371BBFCF440001E84F /* SystemConfiguration.framework */ = {isa = PBXFileReference; lastKnownFileType = wrapper.framework; name = SystemConfiguration.framework; path = System/Library/Frameworks/SystemConfiguration.framework; sourceTree = SDKROOT; };
		6D7DCD411BBFCF4F0001E84F /* QuartzCore.framework */ = {isa = PBXFileReference; lastKnownFileType = wrapper.framework; name = QuartzCore.framework; path = System/Library/Frameworks/QuartzCore.framework; sourceTree = SDKROOT; };
		6D7DCD431BBFCF5A0001E84F /* libz.1.dylib */ = {isa = PBXFileReference; lastKnownFileType = "compiled.mach-o.dylib"; name = libz.1.dylib; path = ../../../../../../../usr/lib/libz.1.dylib; sourceTree = "<group>"; };
		6D7DCD451BBFCF6A0001E84F /* libsqlite3.dylib */ = {isa = PBXFileReference; lastKnownFileType = "compiled.mach-o.dylib"; name = libsqlite3.dylib; path = ../../../../../../../usr/lib/libsqlite3.dylib; sourceTree = "<group>"; };
		6D7DCD481BBFCFB20001E84F /* HumansWithoutBorders-Bridging-Header.h */ = {isa = PBXFileReference; lastKnownFileType = sourcecode.c.h; path = "HumansWithoutBorders-Bridging-Header.h"; sourceTree = "<group>"; };
		E22E95541BBFB130009C91E3 /* Humans Without Borders.app */ = {isa = PBXFileReference; explicitFileType = wrapper.application; includeInIndex = 0; path = "Humans Without Borders.app"; sourceTree = BUILT_PRODUCTS_DIR; };
		E22E95571BBFB131009C91E3 /* AppDelegate.swift */ = {isa = PBXFileReference; lastKnownFileType = sourcecode.swift; path = AppDelegate.swift; sourceTree = "<group>"; };
		E22E95591BBFB131009C91E3 /* FirstViewController.swift */ = {isa = PBXFileReference; lastKnownFileType = sourcecode.swift; path = FirstViewController.swift; sourceTree = "<group>"; };
		E22E955B1BBFB131009C91E3 /* SecondViewController.swift */ = {isa = PBXFileReference; lastKnownFileType = sourcecode.swift; path = SecondViewController.swift; sourceTree = "<group>"; };
		E22E955E1BBFB131009C91E3 /* Base */ = {isa = PBXFileReference; lastKnownFileType = file.storyboard; name = Base; path = Base.lproj/Main.storyboard; sourceTree = "<group>"; };
		E22E95601BBFB131009C91E3 /* Assets.xcassets */ = {isa = PBXFileReference; lastKnownFileType = folder.assetcatalog; path = Assets.xcassets; sourceTree = "<group>"; };
		E22E95631BBFB131009C91E3 /* Base */ = {isa = PBXFileReference; lastKnownFileType = file.storyboard; name = Base; path = Base.lproj/LaunchScreen.storyboard; sourceTree = "<group>"; };
		E22E95651BBFB131009C91E3 /* Info.plist */ = {isa = PBXFileReference; lastKnownFileType = text.plist.xml; path = Info.plist; sourceTree = "<group>"; };
		E22E956A1BBFB131009C91E3 /* Humans Without BordersTests.xctest */ = {isa = PBXFileReference; explicitFileType = wrapper.cfbundle; includeInIndex = 0; path = "Humans Without BordersTests.xctest"; sourceTree = BUILT_PRODUCTS_DIR; };
		E22E956E1BBFB131009C91E3 /* Humans_Without_BordersTests.swift */ = {isa = PBXFileReference; lastKnownFileType = sourcecode.swift; path = Humans_Without_BordersTests.swift; sourceTree = "<group>"; };
		E22E95701BBFB131009C91E3 /* Info.plist */ = {isa = PBXFileReference; lastKnownFileType = text.plist.xml; path = Info.plist; sourceTree = "<group>"; };
		E22E95751BBFB131009C91E3 /* Humans Without BordersUITests.xctest */ = {isa = PBXFileReference; explicitFileType = wrapper.cfbundle; includeInIndex = 0; path = "Humans Without BordersUITests.xctest"; sourceTree = BUILT_PRODUCTS_DIR; };
		E22E95791BBFB131009C91E3 /* Humans_Without_BordersUITests.swift */ = {isa = PBXFileReference; lastKnownFileType = sourcecode.swift; path = Humans_Without_BordersUITests.swift; sourceTree = "<group>"; };
		E22E957B1BBFB131009C91E3 /* Info.plist */ = {isa = PBXFileReference; lastKnownFileType = text.plist.xml; path = Info.plist; sourceTree = "<group>"; };
		E22E95871BBFBA8A009C91E3 /* Login View Controller.swift */ = {isa = PBXFileReference; fileEncoding = 4; lastKnownFileType = sourcecode.swift; path = "Login View Controller.swift"; sourceTree = "<group>"; };
/* End PBXFileReference section */

/* Begin PBXFrameworksBuildPhase section */
		E22E95511BBFB130009C91E3 /* Frameworks */ = {
			isa = PBXFrameworksBuildPhase;
			buildActionMask = 2147483647;
			files = (
				6D7DCD461BBFCF6A0001E84F /* libsqlite3.dylib in Frameworks */,
				6D7DCD441BBFCF5A0001E84F /* libz.1.dylib in Frameworks */,
				6D7DCD421BBFCF4F0001E84F /* QuartzCore.framework in Frameworks */,
				6D7DCD381BBFCF440001E84F /* Accounts.framework in Frameworks */,
				6D7DCD391BBFCF440001E84F /* AudioToolbox.framework in Frameworks */,
				6D7DCD3A1BBFCF440001E84F /* CFNetwork.framework in Frameworks */,
				6D7DCD3B1BBFCF440001E84F /* CoreGraphics.framework in Frameworks */,
				6D7DCD3C1BBFCF440001E84F /* CoreLocation.framework in Frameworks */,
				6D7DCD3D1BBFCF440001E84F /* Security.framework in Frameworks */,
				6D7DCD3E1BBFCF440001E84F /* Social.framework in Frameworks */,
				6D7DCD3F1BBFCF440001E84F /* StoreKit.framework in Frameworks */,
				6D7DCD401BBFCF440001E84F /* SystemConfiguration.framework in Frameworks */,
				6D7DCD231BBFCEA40001E84F /* FBSDKLoginKit.framework in Frameworks */,
				6D7DCD221BBFCEA40001E84F /* FBSDKCoreKit.framework in Frameworks */,
				6D7DCD2D1BBFCF0B0001E84F /* ParseFacebookUtilsV4.framework in Frameworks */,
				6D7DCD2C1BBFCF0B0001E84F /* ParseFacebookUtils.framework in Frameworks */,
				6D7DCD241BBFCEA40001E84F /* FBSDKShareKit.framework in Frameworks */,
				6D7DCD2A1BBFCF0B0001E84F /* Bolts.framework in Frameworks */,
				6D7DCD2B1BBFCF0B0001E84F /* Parse.framework in Frameworks */,
			);
			runOnlyForDeploymentPostprocessing = 0;
		};
		E22E95671BBFB131009C91E3 /* Frameworks */ = {
			isa = PBXFrameworksBuildPhase;
			buildActionMask = 2147483647;
			files = (
			);
			runOnlyForDeploymentPostprocessing = 0;
		};
		E22E95721BBFB131009C91E3 /* Frameworks */ = {
			isa = PBXFrameworksBuildPhase;
			buildActionMask = 2147483647;
			files = (
			);
			runOnlyForDeploymentPostprocessing = 0;
		};
/* End PBXFrameworksBuildPhase section */

/* Begin PBXGroup section */
		6D7DCD251BBFCEAA0001E84F /* Facebook SDK */ = {
			isa = PBXGroup;
			children = (
				6D7DCD1F1BBFCEA40001E84F /* FBSDKCoreKit.framework */,
				6D7DCD201BBFCEA40001E84F /* FBSDKLoginKit.framework */,
				6D7DCD211BBFCEA40001E84F /* FBSDKShareKit.framework */,
			);
			name = "Facebook SDK";
			sourceTree = "<group>";
		};
		6D7DCD2E1BBFCF0F0001E84F /* Parse SDK */ = {
			isa = PBXGroup;
			children = (
				6D7DCD261BBFCF0B0001E84F /* Bolts.framework */,
				6D7DCD271BBFCF0B0001E84F /* Parse.framework */,
				6D7DCD281BBFCF0B0001E84F /* ParseFacebookUtils.framework */,
				6D7DCD291BBFCF0B0001E84F /* ParseFacebookUtilsV4.framework */,
			);
			name = "Parse SDK";
			sourceTree = "<group>";
		};
		E22E954B1BBFB130009C91E3 = {
			isa = PBXGroup;
			children = (
				6D7DCD481BBFCFB20001E84F /* HumansWithoutBorders-Bridging-Header.h */,
				6D7DCD451BBFCF6A0001E84F /* libsqlite3.dylib */,
				6D7DCD431BBFCF5A0001E84F /* libz.1.dylib */,
				6D7DCD411BBFCF4F0001E84F /* QuartzCore.framework */,
				6D7DCD2F1BBFCF440001E84F /* Accounts.framework */,
				6D7DCD301BBFCF440001E84F /* AudioToolbox.framework */,
				6D7DCD311BBFCF440001E84F /* CFNetwork.framework */,
				6D7DCD321BBFCF440001E84F /* CoreGraphics.framework */,
				6D7DCD331BBFCF440001E84F /* CoreLocation.framework */,
				6D7DCD341BBFCF440001E84F /* Security.framework */,
				6D7DCD351BBFCF440001E84F /* Social.framework */,
				6D7DCD361BBFCF440001E84F /* StoreKit.framework */,
				6D7DCD371BBFCF440001E84F /* SystemConfiguration.framework */,
				6D7DCD2E1BBFCF0F0001E84F /* Parse SDK */,
				6D7DCD251BBFCEAA0001E84F /* Facebook SDK */,
				E22E95561BBFB130009C91E3 /* Humans Without Borders */,
				E22E956D1BBFB131009C91E3 /* Humans Without BordersTests */,
				E22E95781BBFB131009C91E3 /* Humans Without BordersUITests */,
				E22E95551BBFB130009C91E3 /* Products */,
			);
			sourceTree = "<group>";
		};
		E22E95551BBFB130009C91E3 /* Products */ = {
			isa = PBXGroup;
			children = (
				E22E95541BBFB130009C91E3 /* Humans Without Borders.app */,
				E22E956A1BBFB131009C91E3 /* Humans Without BordersTests.xctest */,
				E22E95751BBFB131009C91E3 /* Humans Without BordersUITests.xctest */,
			);
			name = Products;
			sourceTree = "<group>";
		};
		E22E95561BBFB130009C91E3 /* Humans Without Borders */ = {
			isa = PBXGroup;
			children = (
				E22E95571BBFB131009C91E3 /* AppDelegate.swift */,
				E22E95591BBFB131009C91E3 /* FirstViewController.swift */,
				E22E955B1BBFB131009C91E3 /* SecondViewController.swift */,
				E22E955D1BBFB131009C91E3 /* Main.storyboard */,
				E22E95871BBFBA8A009C91E3 /* Login View Controller.swift */,
				E22E95601BBFB131009C91E3 /* Assets.xcassets */,
				E22E95621BBFB131009C91E3 /* LaunchScreen.storyboard */,
				E22E95651BBFB131009C91E3 /* Info.plist */,
			);
			path = "Humans Without Borders";
			sourceTree = "<group>";
		};
		E22E956D1BBFB131009C91E3 /* Humans Without BordersTests */ = {
			isa = PBXGroup;
			children = (
				E22E956E1BBFB131009C91E3 /* Humans_Without_BordersTests.swift */,
				E22E95701BBFB131009C91E3 /* Info.plist */,
			);
			path = "Humans Without BordersTests";
			sourceTree = "<group>";
		};
		E22E95781BBFB131009C91E3 /* Humans Without BordersUITests */ = {
			isa = PBXGroup;
			children = (
				E22E95791BBFB131009C91E3 /* Humans_Without_BordersUITests.swift */,
				E22E957B1BBFB131009C91E3 /* Info.plist */,
			);
			path = "Humans Without BordersUITests";
			sourceTree = "<group>";
		};
/* End PBXGroup section */

/* Begin PBXNativeTarget section */
		E22E95531BBFB130009C91E3 /* Humans Without Borders */ = {
			isa = PBXNativeTarget;
			buildConfigurationList = E22E957E1BBFB131009C91E3 /* Build configuration list for PBXNativeTarget "Humans Without Borders" */;
			buildPhases = (
				E22E95501BBFB130009C91E3 /* Sources */,
				E22E95511BBFB130009C91E3 /* Frameworks */,
				E22E95521BBFB130009C91E3 /* Resources */,
			);
			buildRules = (
			);
			dependencies = (
			);
			name = "Humans Without Borders";
			productName = "Humans Without Borders";
			productReference = E22E95541BBFB130009C91E3 /* Humans Without Borders.app */;
			productType = "com.apple.product-type.application";
		};
		E22E95691BBFB131009C91E3 /* Humans Without BordersTests */ = {
			isa = PBXNativeTarget;
			buildConfigurationList = E22E95811BBFB131009C91E3 /* Build configuration list for PBXNativeTarget "Humans Without BordersTests" */;
			buildPhases = (
				E22E95661BBFB131009C91E3 /* Sources */,
				E22E95671BBFB131009C91E3 /* Frameworks */,
				E22E95681BBFB131009C91E3 /* Resources */,
			);
			buildRules = (
			);
			dependencies = (
				E22E956C1BBFB131009C91E3 /* PBXTargetDependency */,
			);
			name = "Humans Without BordersTests";
			productName = "Humans Without BordersTests";
			productReference = E22E956A1BBFB131009C91E3 /* Humans Without BordersTests.xctest */;
			productType = "com.apple.product-type.bundle.unit-test";
		};
		E22E95741BBFB131009C91E3 /* Humans Without BordersUITests */ = {
			isa = PBXNativeTarget;
			buildConfigurationList = E22E95841BBFB131009C91E3 /* Build configuration list for PBXNativeTarget "Humans Without BordersUITests" */;
			buildPhases = (
				E22E95711BBFB131009C91E3 /* Sources */,
				E22E95721BBFB131009C91E3 /* Frameworks */,
				E22E95731BBFB131009C91E3 /* Resources */,
			);
			buildRules = (
			);
			dependencies = (
				E22E95771BBFB131009C91E3 /* PBXTargetDependency */,
			);
			name = "Humans Without BordersUITests";
			productName = "Humans Without BordersUITests";
			productReference = E22E95751BBFB131009C91E3 /* Humans Without BordersUITests.xctest */;
			productType = "com.apple.product-type.bundle.ui-testing";
		};
/* End PBXNativeTarget section */

/* Begin PBXProject section */
		E22E954C1BBFB130009C91E3 /* Project object */ = {
			isa = PBXProject;
			attributes = {
				LastUpgradeCheck = 0700;
				ORGANIZATIONNAME = "Humans Without Borders";
				TargetAttributes = {
					E22E95531BBFB130009C91E3 = {
						CreatedOnToolsVersion = 7.0.1;
					};
					E22E95691BBFB131009C91E3 = {
						CreatedOnToolsVersion = 7.0.1;
						TestTargetID = E22E95531BBFB130009C91E3;
					};
					E22E95741BBFB131009C91E3 = {
						CreatedOnToolsVersion = 7.0.1;
						TestTargetID = E22E95531BBFB130009C91E3;
					};
				};
			};
			buildConfigurationList = E22E954F1BBFB130009C91E3 /* Build configuration list for PBXProject "Humans Without Borders" */;
			compatibilityVersion = "Xcode 3.2";
			developmentRegion = English;
			hasScannedForEncodings = 0;
			knownRegions = (
				en,
				Base,
			);
			mainGroup = E22E954B1BBFB130009C91E3;
			productRefGroup = E22E95551BBFB130009C91E3 /* Products */;
			projectDirPath = "";
			projectRoot = "";
			targets = (
				E22E95531BBFB130009C91E3 /* Humans Without Borders */,
				E22E95691BBFB131009C91E3 /* Humans Without BordersTests */,
				E22E95741BBFB131009C91E3 /* Humans Without BordersUITests */,
			);
		};
/* End PBXProject section */

/* Begin PBXResourcesBuildPhase section */
		E22E95521BBFB130009C91E3 /* Resources */ = {
			isa = PBXResourcesBuildPhase;
			buildActionMask = 2147483647;
			files = (
				E22E95641BBFB131009C91E3 /* LaunchScreen.storyboard in Resources */,
				E22E95611BBFB131009C91E3 /* Assets.xcassets in Resources */,
				E22E955F1BBFB131009C91E3 /* Main.storyboard in Resources */,
			);
			runOnlyForDeploymentPostprocessing = 0;
		};
		E22E95681BBFB131009C91E3 /* Resources */ = {
			isa = PBXResourcesBuildPhase;
			buildActionMask = 2147483647;
			files = (
			);
			runOnlyForDeploymentPostprocessing = 0;
		};
		E22E95731BBFB131009C91E3 /* Resources */ = {
			isa = PBXResourcesBuildPhase;
			buildActionMask = 2147483647;
			files = (
			);
			runOnlyForDeploymentPostprocessing = 0;
		};
/* End PBXResourcesBuildPhase section */

/* Begin PBXSourcesBuildPhase section */
		E22E95501BBFB130009C91E3 /* Sources */ = {
			isa = PBXSourcesBuildPhase;
			buildActionMask = 2147483647;
			files = (
				E22E955C1BBFB131009C91E3 /* SecondViewController.swift in Sources */,
				E22E95581BBFB131009C91E3 /* AppDelegate.swift in Sources */,
				E22E95881BBFBA8A009C91E3 /* Login View Controller.swift in Sources */,
				E22E955A1BBFB131009C91E3 /* FirstViewController.swift in Sources */,
			);
			runOnlyForDeploymentPostprocessing = 0;
		};
		E22E95661BBFB131009C91E3 /* Sources */ = {
			isa = PBXSourcesBuildPhase;
			buildActionMask = 2147483647;
			files = (
				E22E956F1BBFB131009C91E3 /* Humans_Without_BordersTests.swift in Sources */,
			);
			runOnlyForDeploymentPostprocessing = 0;
		};
		E22E95711BBFB131009C91E3 /* Sources */ = {
			isa = PBXSourcesBuildPhase;
			buildActionMask = 2147483647;
			files = (
				E22E957A1BBFB131009C91E3 /* Humans_Without_BordersUITests.swift in Sources */,
			);
			runOnlyForDeploymentPostprocessing = 0;
		};
/* End PBXSourcesBuildPhase section */

/* Begin PBXTargetDependency section */
		E22E956C1BBFB131009C91E3 /* PBXTargetDependency */ = {
			isa = PBXTargetDependency;
			target = E22E95531BBFB130009C91E3 /* Humans Without Borders */;
			targetProxy = E22E956B1BBFB131009C91E3 /* PBXContainerItemProxy */;
		};
		E22E95771BBFB131009C91E3 /* PBXTargetDependency */ = {
			isa = PBXTargetDependency;
			target = E22E95531BBFB130009C91E3 /* Humans Without Borders */;
			targetProxy = E22E95761BBFB131009C91E3 /* PBXContainerItemProxy */;
		};
/* End PBXTargetDependency section */

/* Begin PBXVariantGroup section */
		E22E955D1BBFB131009C91E3 /* Main.storyboard */ = {
			isa = PBXVariantGroup;
			children = (
				E22E955E1BBFB131009C91E3 /* Base */,
			);
			name = Main.storyboard;
			sourceTree = "<group>";
		};
		E22E95621BBFB131009C91E3 /* LaunchScreen.storyboard */ = {
			isa = PBXVariantGroup;
			children = (
				E22E95631BBFB131009C91E3 /* Base */,
			);
			name = LaunchScreen.storyboard;
			sourceTree = "<group>";
		};
/* End PBXVariantGroup section */

/* Begin XCBuildConfiguration section */
		E22E957C1BBFB131009C91E3 /* Debug */ = {
			isa = XCBuildConfiguration;
			buildSettings = {
				ALWAYS_SEARCH_USER_PATHS = NO;
				CLANG_CXX_LANGUAGE_STANDARD = "gnu++0x";
				CLANG_CXX_LIBRARY = "libc++";
				CLANG_ENABLE_MODULES = YES;
				CLANG_ENABLE_OBJC_ARC = YES;
				CLANG_WARN_BOOL_CONVERSION = YES;
				CLANG_WARN_CONSTANT_CONVERSION = YES;
				CLANG_WARN_DIRECT_OBJC_ISA_USAGE = YES_ERROR;
				CLANG_WARN_EMPTY_BODY = YES;
				CLANG_WARN_ENUM_CONVERSION = YES;
				CLANG_WARN_INT_CONVERSION = YES;
				CLANG_WARN_OBJC_ROOT_CLASS = YES_ERROR;
				CLANG_WARN_UNREACHABLE_CODE = YES;
				CLANG_WARN__DUPLICATE_METHOD_MATCH = YES;
				"CODE_SIGN_IDENTITY[sdk=iphoneos*]" = "iPhone Developer";
				COPY_PHASE_STRIP = NO;
				DEBUG_INFORMATION_FORMAT = dwarf;
				ENABLE_STRICT_OBJC_MSGSEND = YES;
				ENABLE_TESTABILITY = YES;
				GCC_C_LANGUAGE_STANDARD = gnu99;
				GCC_DYNAMIC_NO_PIC = NO;
				GCC_NO_COMMON_BLOCKS = YES;
				GCC_OPTIMIZATION_LEVEL = 0;
				GCC_PREPROCESSOR_DEFINITIONS = (
					"DEBUG=1",
					"$(inherited)",
				);
				GCC_WARN_64_TO_32_BIT_CONVERSION = YES;
				GCC_WARN_ABOUT_RETURN_TYPE = YES_ERROR;
				GCC_WARN_UNDECLARED_SELECTOR = YES;
				GCC_WARN_UNINITIALIZED_AUTOS = YES_AGGRESSIVE;
				GCC_WARN_UNUSED_FUNCTION = YES;
				GCC_WARN_UNUSED_VARIABLE = YES;
				IPHONEOS_DEPLOYMENT_TARGET = 9.0;
				MTL_ENABLE_DEBUG_INFO = YES;
				ONLY_ACTIVE_ARCH = YES;
				SDKROOT = iphoneos;
				SWIFT_OPTIMIZATION_LEVEL = "-Onone";
				TARGETED_DEVICE_FAMILY = "1,2";
			};
			name = Debug;
		};
		E22E957D1BBFB131009C91E3 /* Release */ = {
			isa = XCBuildConfiguration;
			buildSettings = {
				ALWAYS_SEARCH_USER_PATHS = NO;
				CLANG_CXX_LANGUAGE_STANDARD = "gnu++0x";
				CLANG_CXX_LIBRARY = "libc++";
				CLANG_ENABLE_MODULES = YES;
				CLANG_ENABLE_OBJC_ARC = YES;
				CLANG_WARN_BOOL_CONVERSION = YES;
				CLANG_WARN_CONSTANT_CONVERSION = YES;
				CLANG_WARN_DIRECT_OBJC_ISA_USAGE = YES_ERROR;
				CLANG_WARN_EMPTY_BODY = YES;
				CLANG_WARN_ENUM_CONVERSION = YES;
				CLANG_WARN_INT_CONVERSION = YES;
				CLANG_WARN_OBJC_ROOT_CLASS = YES_ERROR;
				CLANG_WARN_UNREACHABLE_CODE = YES;
				CLANG_WARN__DUPLICATE_METHOD_MATCH = YES;
				"CODE_SIGN_IDENTITY[sdk=iphoneos*]" = "iPhone Developer";
				COPY_PHASE_STRIP = NO;
				DEBUG_INFORMATION_FORMAT = "dwarf-with-dsym";
				ENABLE_NS_ASSERTIONS = NO;
				ENABLE_STRICT_OBJC_MSGSEND = YES;
				GCC_C_LANGUAGE_STANDARD = gnu99;
				GCC_NO_COMMON_BLOCKS = YES;
				GCC_WARN_64_TO_32_BIT_CONVERSION = YES;
				GCC_WARN_ABOUT_RETURN_TYPE = YES_ERROR;
				GCC_WARN_UNDECLARED_SELECTOR = YES;
				GCC_WARN_UNINITIALIZED_AUTOS = YES_AGGRESSIVE;
				GCC_WARN_UNUSED_FUNCTION = YES;
				GCC_WARN_UNUSED_VARIABLE = YES;
				IPHONEOS_DEPLOYMENT_TARGET = 9.0;
				MTL_ENABLE_DEBUG_INFO = NO;
				SDKROOT = iphoneos;
				TARGETED_DEVICE_FAMILY = "1,2";
				VALIDATE_PRODUCT = YES;
			};
			name = Release;
		};
		E22E957F1BBFB131009C91E3 /* Debug */ = {
			isa = XCBuildConfiguration;
			buildSettings = {
				ASSETCATALOG_COMPILER_APPICON_NAME = AppIcon;
				FRAMEWORK_SEARCH_PATHS = (
					"$(inherited)",
					"$(PROJECT_DIR)",
				);
				INFOPLIST_FILE = "Humans Without Borders/Info.plist";
				IPHONEOS_DEPLOYMENT_TARGET = 7.1;
				LD_RUNPATH_SEARCH_PATHS = "$(inherited) @executable_path/Frameworks";
				PRODUCT_BUNDLE_IDENTIFIER = "com.sdhacks.ios.Humans-Without-Borders";
				PRODUCT_NAME = "$(TARGET_NAME)";
				SWIFT_OBJC_BRIDGING_HEADER = "HumansWithoutBorders-Bridging-Header.h";
			};
			name = Debug;
		};
		E22E95801BBFB131009C91E3 /* Release */ = {
			isa = XCBuildConfiguration;
			buildSettings = {
				ASSETCATALOG_COMPILER_APPICON_NAME = AppIcon;
				FRAMEWORK_SEARCH_PATHS = (
					"$(inherited)",
					"$(PROJECT_DIR)",
				);
				INFOPLIST_FILE = "Humans Without Borders/Info.plist";
				IPHONEOS_DEPLOYMENT_TARGET = 7.1;
				LD_RUNPATH_SEARCH_PATHS = "$(inherited) @executable_path/Frameworks";
				PRODUCT_BUNDLE_IDENTIFIER = "com.sdhacks.ios.Humans-Without-Borders";
				PRODUCT_NAME = "$(TARGET_NAME)";
				SWIFT_OBJC_BRIDGING_HEADER = "HumansWithoutBorders-Bridging-Header.h";
			};
			name = Release;
		};
		E22E95821BBFB131009C91E3 /* Debug */ = {
			isa = XCBuildConfiguration;
			buildSettings = {
				BUNDLE_LOADER = "$(TEST_HOST)";
				INFOPLIST_FILE = "Humans Without BordersTests/Info.plist";
				LD_RUNPATH_SEARCH_PATHS = "$(inherited) @executable_path/Frameworks @loader_path/Frameworks";
				PRODUCT_BUNDLE_IDENTIFIER = "com.sdhacks.ios.Humans-Without-BordersTests";
				PRODUCT_NAME = "$(TARGET_NAME)";
				TEST_HOST = "$(BUILT_PRODUCTS_DIR)/Humans Without Borders.app/Humans Without Borders";
			};
			name = Debug;
		};
		E22E95831BBFB131009C91E3 /* Release */ = {
			isa = XCBuildConfiguration;
			buildSettings = {
				BUNDLE_LOADER = "$(TEST_HOST)";
				INFOPLIST_FILE = "Humans Without BordersTests/Info.plist";
				LD_RUNPATH_SEARCH_PATHS = "$(inherited) @executable_path/Frameworks @loader_path/Frameworks";
				PRODUCT_BUNDLE_IDENTIFIER = "com.sdhacks.ios.Humans-Without-BordersTests";
				PRODUCT_NAME = "$(TARGET_NAME)";
				TEST_HOST = "$(BUILT_PRODUCTS_DIR)/Humans Without Borders.app/Humans Without Borders";
			};
			name = Release;
		};
		E22E95851BBFB131009C91E3 /* Debug */ = {
			isa = XCBuildConfiguration;
			buildSettings = {
				INFOPLIST_FILE = "Humans Without BordersUITests/Info.plist";
				LD_RUNPATH_SEARCH_PATHS = "$(inherited) @executable_path/Frameworks @loader_path/Frameworks";
				PRODUCT_BUNDLE_IDENTIFIER = "com.sdhacks.ios.Humans-Without-BordersUITests";
				PRODUCT_NAME = "$(TARGET_NAME)";
				TEST_TARGET_NAME = "Humans Without Borders";
				USES_XCTRUNNER = YES;
			};
			name = Debug;
		};
		E22E95861BBFB131009C91E3 /* Release */ = {
			isa = XCBuildConfiguration;
			buildSettings = {
				INFOPLIST_FILE = "Humans Without BordersUITests/Info.plist";
				LD_RUNPATH_SEARCH_PATHS = "$(inherited) @executable_path/Frameworks @loader_path/Frameworks";
				PRODUCT_BUNDLE_IDENTIFIER = "com.sdhacks.ios.Humans-Without-BordersUITests";
				PRODUCT_NAME = "$(TARGET_NAME)";
				TEST_TARGET_NAME = "Humans Without Borders";
				USES_XCTRUNNER = YES;
			};
			name = Release;
		};
/* End XCBuildConfiguration section */

/* Begin XCConfigurationList section */
		E22E954F1BBFB130009C91E3 /* Build configuration list for PBXProject "Humans Without Borders" */ = {
			isa = XCConfigurationList;
			buildConfigurations = (
				E22E957C1BBFB131009C91E3 /* Debug */,
				E22E957D1BBFB131009C91E3 /* Release */,
			);
			defaultConfigurationIsVisible = 0;
			defaultConfigurationName = Release;
		};
		E22E957E1BBFB131009C91E3 /* Build configuration list for PBXNativeTarget "Humans Without Borders" */ = {
			isa = XCConfigurationList;
			buildConfigurations = (
				E22E957F1BBFB131009C91E3 /* Debug */,
				E22E95801BBFB131009C91E3 /* Release */,
			);
			defaultConfigurationIsVisible = 0;
			defaultConfigurationName = Release;
		};
		E22E95811BBFB131009C91E3 /* Build configuration list for PBXNativeTarget "Humans Without BordersTests" */ = {
			isa = XCConfigurationList;
			buildConfigurations = (
				E22E95821BBFB131009C91E3 /* Debug */,
				E22E95831BBFB131009C91E3 /* Release */,
			);
			defaultConfigurationIsVisible = 0;
			defaultConfigurationName = Release;
		};
		E22E95841BBFB131009C91E3 /* Build configuration list for PBXNativeTarget "Humans Without BordersUITests" */ = {
			isa = XCConfigurationList;
			buildConfigurations = (
				E22E95851BBFB131009C91E3 /* Debug */,
				E22E95861BBFB131009C91E3 /* Release */,
			);
			defaultConfigurationIsVisible = 0;
			defaultConfigurationName = Release;
		};
/* End XCConfigurationList section */
	};
	rootObject = E22E954C1BBFB130009C91E3 /* Project object */;
}
